
Microsoft Visual Studio Solution File, Format Version 12.00
# Visual Studio 16
Project("{FAE04EC0-301F-11D3-BF4B-00C04F79EFBC}") = "Assembly-CSharp", "Assembly-CSharp.csproj", "{9D366AB3-53AF-7AF1-C621-6C0D4E89EC57}"
EndProject
Project("{FAE04EC0-301F-11D3-BF4B-00C04F79EFBC}") = "Assembly-CSharp-Editor", "Assembly-CSharp-Editor.csproj", "{FC70D23E-D31D-A4B4-55D5-DFA1647D0E17}"
EndProject
Global
	GlobalSection(SolutionConfigurationPlatforms) = preSolution
		Debug|Any CPU = Debug|Any CPU
		Release|Any CPU = Release|Any CPU
	EndGlobalSection
	GlobalSection(ProjectConfigurationPlatforms) = postSolution
		{9D366AB3-53AF-7AF1-C621-6C0D4E89EC57}.Debug|Any CPU.ActiveCfg = Debug|Any CPU
		{9D366AB3-53AF-7AF1-C621-6C0D4E89EC57}.Debug|Any CPU.Build.0 = Debug|Any CPU
		{9D366AB3-53AF-7AF1-C621-6C0D4E89EC57}.Release|Any CPU.ActiveCfg = Release|Any CPU
		{9D366AB3-53AF-7AF1-C621-6C0D4E89EC57}.Release|Any CPU.Build.0 = Release|Any CPU
		{FC70D23E-D31D-A4B4-55D5-DFA1647D0E17}.Debug|Any CPU.ActiveCfg = Debug|Any CPU
		{FC70D23E-D31D-A4B4-55D5-DFA1647D0E17}.Debug|Any CPU.Build.0 = Debug|Any CPU
		{FC70D23E-D31D-A4B4-55D5-DFA1647D0E17}.Release|Any CPU.ActiveCfg = Release|Any CPU
		{FC70D23E-D31D-A4B4-55D5-DFA1647D0E17}.Release|Any CPU.Build.0 = Release|Any CPU
	EndGlobalSection
	GlobalSection(SolutionProperties) = preSolution
		HideSolutionNode = FALSE
	EndGlobalSection
EndGlobal
